
Microsoft Visual Studio Solution File, Format Version 12.00
# Visual Studio 2017
Project("{FAE04EC0-301F-11D3-BF4B-00C04F79EFBC}") = "VR_Demo", "VR_Demo.csproj", "{997D6259-E3B2-19CC-9FE9-3CEFFC6D245E}"
EndProject
Project("{FAE04EC0-301F-11D3-BF4B-00C04F79EFBC}") = "VR_Demo.Editor", "VR_Demo.Editor.csproj", "{06639BD6-6F3D-252A-DB6D-2A4326A4F4C1}"
EndProject
Global
	GlobalSection(SolutionConfigurationPlatforms) = preSolution
		Debug|Any CPU = Debug|Any CPU
		Release|Any CPU = Release|Any CPU
	EndGlobalSection
	GlobalSection(ProjectConfigurationPlatforms) = postSolution
		{997D6259-E3B2-19CC-9FE9-3CEFFC6D245E}.Debug|Any CPU.ActiveCfg = Debug|Any CPU
		{997D6259-E3B2-19CC-9FE9-3CEFFC6D245E}.Debug|Any CPU.Build.0 = Debug|Any CPU
		{997D6259-E3B2-19CC-9FE9-3CEFFC6D245E}.Release|Any CPU.ActiveCfg = Release|Any CPU
		{997D6259-E3B2-19CC-9FE9-3CEFFC6D245E}.Release|Any CPU.Build.0 = Release|Any CPU
		{06639BD6-6F3D-252A-DB6D-2A4326A4F4C1}.Debug|Any CPU.ActiveCfg = Debug|Any CPU
		{06639BD6-6F3D-252A-DB6D-2A4326A4F4C1}.Debug|Any CPU.Build.0 = Debug|Any CPU
		{06639BD6-6F3D-252A-DB6D-2A4326A4F4C1}.Release|Any CPU.ActiveCfg = Release|Any CPU
		{06639BD6-6F3D-252A-DB6D-2A4326A4F4C1}.Release|Any CPU.Build.0 = Release|Any CPU
	EndGlobalSection
	GlobalSection(SolutionProperties) = preSolution
		HideSolutionNode = FALSE
	EndGlobalSection
EndGlobal
